
Microsoft Visual Studio Solution File, Format Version 12.00
# Visual Studio Version 17
VisualStudioVersion = 17.14.36915.13 d17.14
MinimumVisualStudioVersion = 10.0.40219.1
Project("{FAE04EC0-301F-11D3-BF4B-00C04F79EFBC}") = "CyberSecurityChatBot", "CyberSecurityChatBot.csproj", "{6F4DE471-DCDB-4047-8F24-B4193D14D1EE}"
EndProject
Global
	GlobalSection(SolutionConfigurationPlatforms) = preSolution
		Debug|Any CPU = Debug|Any CPU
		Release|Any CPU = Release|Any CPU
	EndGlobalSection
	GlobalSection(ProjectConfigurationPlatforms) = postSolution
		{6F4DE471-DCDB-4047-8F24-B4193D14D1EE}.Debug|Any CPU.ActiveCfg = Debug|Any CPU
		{6F4DE471-DCDB-4047-8F24-B4193D14D1EE}.Debug|Any CPU.Build.0 = Debug|Any CPU
		{6F4DE471-DCDB-4047-8F24-B4193D14D1EE}.Release|Any CPU.ActiveCfg = Release|Any CPU
		{6F4DE471-DCDB-4047-8F24-B4193D14D1EE}.Release|Any CPU.Build.0 = Release|Any CPU
	EndGlobalSection
	GlobalSection(SolutionProperties) = preSolution
		HideSolutionNode = FALSE
	EndGlobalSection
	GlobalSection(ExtensibilityGlobals) = postSolution
		SolutionGuid = {853BBBBD-F950-4E2D-8F34-DE603ED335CE}
	EndGlobalSection
EndGlobal
